
Microsoft Visual Studio Solution File, Format Version 12.00
# Visual Studio 2012
Project("{8BC9CEB8-8B4A-11D0-8D11-00A0C91BC942}") = "Opengl", "Opengl.vcxproj", "{7EFB013E-0A1C-4538-9D6C-C05B96119F8C}"
EndProject
Global
	GlobalSection(SolutionConfigurationPlatforms) = preSolution
		Debug|ARM = Debug|ARM
		Debug|Win32 = Debug|Win32
		Release|ARM = Release|ARM
		Release|Win32 = Release|Win32
	EndGlobalSection
	GlobalSection(ProjectConfigurationPlatforms) = postSolution
		{7EFB013E-0A1C-4538-9D6C-C05B96119F8C}.Debug|ARM.ActiveCfg = Release|ARM
		{7EFB013E-0A1C-4538-9D6C-C05B96119F8C}.Debug|ARM.Build.0 = Release|ARM
		{7EFB013E-0A1C-4538-9D6C-C05B96119F8C}.Debug|Win32.ActiveCfg = Debug|Win32
		{7EFB013E-0A1C-4538-9D6C-C05B96119F8C}.Debug|Win32.Build.0 = Debug|Win32
		{7EFB013E-0A1C-4538-9D6C-C05B96119F8C}.Release|ARM.ActiveCfg = Release|Win32
		{7EFB013E-0A1C-4538-9D6C-C05B96119F8C}.Release|ARM.Build.0 = Release|Win32
		{7EFB013E-0A1C-4538-9D6C-C05B96119F8C}.Release|Win32.ActiveCfg = Release|Win32
		{7EFB013E-0A1C-4538-9D6C-C05B96119F8C}.Release|Win32.Build.0 = Release|Win32
	EndGlobalSection
	GlobalSection(SolutionProperties) = preSolution
		HideSolutionNode = FALSE
	EndGlobalSection
EndGlobal
